<Solution>
  <Folder Name="/src/">
    <Project Path="src/ZeroBudget.Api/ZeroBudget.Api.csproj" />
    <Project Path="src/ZeroBudget.Application/ZeroBudget.Application.csproj" />
    <Project Path="src/ZeroBudget.Domain/ZeroBudget.Domain.csproj" />
    <Project Path="src/ZeroBudget.Infrastructure/ZeroBudget.Infrastructure.csproj" />
  </Folder>
  <Folder Name="/tests/">
    <Project Path="tests/ZeroBudget.Application.Tests/ZeroBudget.Application.Tests.csproj" />
  </Folder>
</Solution>
